
Microsoft Visual Studio Solution File, Format Version 12.00
# Visual Studio 15
VisualStudioVersion = 15.0.28307.271
MinimumVisualStudioVersion = 10.0.40219.1
Project("{9A19103F-16F7-4668-BE54-9A1E7A4F7556}") = "pmcenter", "pmcenter.csproj", "{AD65866C-7E15-4ED8-A682-6D67C3BF3ECF}"
EndProject
Global
	GlobalSection(SolutionConfigurationPlatforms) = preSolution
		Debug|Any CPU = Debug|Any CPU
		Release|Any CPU = Release|Any CPU
	EndGlobalSection
	GlobalSection(ProjectConfigurationPlatforms) = postSolution
		{AD65866C-7E15-4ED8-A682-6D67C3BF3ECF}.Debug|Any CPU.ActiveCfg = Debug|Any CPU
		{AD65866C-7E15-4ED8-A682-6D67C3BF3ECF}.Debug|Any CPU.Build.0 = Debug|Any CPU
		{AD65866C-7E15-4ED8-A682-6D67C3BF3ECF}.Release|Any CPU.ActiveCfg = Release|Any CPU
		{AD65866C-7E15-4ED8-A682-6D67C3BF3ECF}.Release|Any CPU.Build.0 = Release|Any CPU
	EndGlobalSection
	GlobalSection(SolutionProperties) = preSolution
		HideSolutionNode = FALSE
	EndGlobalSection
	GlobalSection(ExtensibilityGlobals) = postSolution
		SolutionGuid = {5AA9844F-2F61-46FB-B910-78381D90D959}
	EndGlobalSection
EndGlobal
